
Microsoft Visual Studio Solution File, Format Version 12.00
# Visual Studio Version 17
VisualStudioVersion = 17.14.36623.8 d17.14
MinimumVisualStudioVersion = 10.0.40219.1
Project("{FAE04EC0-301F-11D3-BF4B-00C04F79EFBC}") = "TrainotrackWeb", "TrainotrackWeb\TrainotrackWeb.csproj", "{6C40E271-744C-48F9-865B-12A942C9A8F8}"
EndProject
Global
	GlobalSection(SolutionConfigurationPlatforms) = preSolution
		Debug|Any CPU = Debug|Any CPU
		Release|Any CPU = Release|Any CPU
	EndGlobalSection
	GlobalSection(ProjectConfigurationPlatforms) = postSolution
		{6C40E271-744C-48F9-865B-12A942C9A8F8}.Debug|Any CPU.ActiveCfg = Debug|Any CPU
		{6C40E271-744C-48F9-865B-12A942C9A8F8}.Debug|Any CPU.Build.0 = Debug|Any CPU
		{6C40E271-744C-48F9-865B-12A942C9A8F8}.Release|Any CPU.ActiveCfg = Release|Any CPU
		{6C40E271-744C-48F9-865B-12A942C9A8F8}.Release|Any CPU.Build.0 = Release|Any CPU
	EndGlobalSection
	GlobalSection(SolutionProperties) = preSolution
		HideSolutionNode = FALSE
	EndGlobalSection
	GlobalSection(ExtensibilityGlobals) = postSolution
		SolutionGuid = {87801A62-A1BB-4B2B-91B4-29F99506601D}
	EndGlobalSection
EndGlobal
